{
  "name": "three-system",
  "version": "0.1.0",
  "lockfileVersion": 3,
  "requires": true,
  "packages": {
    "": {
      "name": "three-system",
      "version": "0.1.0",
      "private": true,
      "devDependencies": {
        "@storybook/react": "^7.0.0",
        "react": "^18.0.0",
        "react-dom": "^18.0.0"
      }
    },
    "node_modules/@storybook/react": {
      "version": "7.0.0",
      "resolved": "https://registry.npmjs.org/@storybook/react/-/react-7.0.0.tgz",
      "integrity": "sha512-FaXdH8S0NWLMNPhqKLgSuC/njwLLh3oDaP+rQiNrP2wHbFG/E4Q8TsSpZnDf8DqiHLnDKRmJ3PQYE+p1mNiQ=="
    },
    "node_modules/react": {
      "version": "18.0.0",
      "resolved": "https://registry.npmjs.org/react/-/react-18.0.0.tgz",
      "integrity": "sha512-x+VL6wqE8CfA08jlBmffWw/OssNjq0trrKUUPUe1n36AyqKlMCdLBJ12h4GSiMZfH65r0SgHWAqJ7EUg+mKGw==",
      "dependencies": {
        "loose-envify": "^1.1.0"
      }
    },
    "node_modules/react-dom": {
      "version": "18.0.0",
      "resolved": "https://registry.npmjs.org/react-dom/-/react-dom-18.0.0.tgz",
      "integrity": "sha512-XqX4B+8g8GlOQo7t46zwSP3DjMH0qwXgNjsD8ZV7NPJX7md8RGXjCytnbbd9pnREqt0fKw+kzing1vogJcqJ8w==",
      "dependencies": {
        "loose-envify": "^1.1.0",
        "scheduler": "^0.20.2"
      },
      "peerDependencies": {
        "react": "^18.0.0"
      }
    },
    "node_modules/loose-envify": {
      "version": "1.4.0",
      "resolved": "https://registry.npmjs.org/loose-envify/-/loose-envify-1.4.0.tgz",
      "integrity": "sha512-lyuxPGr/Wfhrlem2CL/UcnUc1zcqKAImBJloop7L0EMHIl6sqWEATnhiZstjQnrsQrQujJ76mJVSP+TE6N6ZA==",
      "bin": {
        "loose-envify": "cli.js"
      }
    },
    "node_modules/scheduler": {
      "version": "0.20.2",
      "resolved": "https://registry.npmjs.org/scheduler/-/scheduler-0.20.2.tgz",
      "integrity": "sha512-2OWCAWt5xvjpHLurrVrjcfvqjrRw1K6HVZZeQmgmjv2xQ5ZRsnQZihJicsk8riNLoKG7zF8C7SH8dVeIsdMqjw==",
      "dependencies": {
        "loose-envify": "^1.1.0"
      }
    }
  }
}
