{
  "name": "three-system",
  "version": "0.1.0",
  "lockfileVersion": 3,
  "requires": true,
  "packages": {
    "": {
      "name": "three-system",
      "version": "0.1.0",
      "private": true,
      "devDependencies": {
        "@storybook/react": "^7.0.0",
        "react": "^18.0.0",
        "react-dom": "^18.0.0"
      }
    },
    "node_modules/@storybook/react": {
      "version": "7.0.0",
      "resolved": "https://registry.npmjs.org/@storybook/react/-/react-7.0.0.tgz",
      "integrity": "sha512-test",
      "requires": {}
    },
    "node_modules/react": {
      "version": "18.0.0",
      "resolved": "https://registry.npmjs.org/react/-/react-18.0.0.tgz",
      "integrity": "sha512-test",
      "requires": {
        "loose-envify": "^1.1.0",
        "scheduler": "^0.23.0"
      }
    },
    "node_modules/react-dom": {
      "version": "18.0.0",
      "resolved": "https://registry.npmjs.org/react-dom/-/react-dom-18.0.0.tgz",
      "integrity": "sha512-test",
      "peerDependencies": {
        "react": "^18.0.0"
      },
      "requires": {
        "loose-envify": "^1.1.0",
        "scheduler": "^0.23.0"
      }
    },
    "node_modules/loose-envify": {
      "version": "1.4.0",
      "resolved": "https://registry.npmjs.org/loose-envify/-/loose-envify-1.4.0.tgz",
      "integrity": "sha512-test",
      "bin": {
        "loose-envify": "cli.js"
      }
    },
    "node_modules/scheduler": {
      "version": "0.23.0",
      "resolved": "https://registry.npmjs.org/scheduler/-/scheduler-0.23.0.tgz",
      "integrity": "sha512-test",
      "requires": {
        "loose-envify": "^1.1.0"
      }
    }
  }
}
